
Microsoft Visual Studio Solution File, Format Version 12.00
# Visual Studio Version 16
VisualStudioVersion = 16.0.31515.178
MinimumVisualStudioVersion = 10.0.40219.1
Project("{9A19103F-16F7-4668-BE54-9A1E7A4F7556}") = "E-Com-API", "E-Com-API\E-Com-API.csproj", "{92A548C4-A01B-437F-A006-639930A11AB7}"
EndProject
Project("{9A19103F-16F7-4668-BE54-9A1E7A4F7556}") = "E-ComTest", "E-ComTest\E-ComTest.csproj", "{8B97051A-5AB9-4EC3-8FBD-CE48A7B9234E}"
EndProject
Project("{FAE04EC0-301F-11D3-BF4B-00C04F79EFBC}") = "DAL", "DAL\DAL.csproj", "{290E4035-7F36-4E64-8E04-AA2CB99931F4}"
EndProject
Project("{FAE04EC0-301F-11D3-BF4B-00C04F79EFBC}") = "Service", "Service\Service.csproj", "{22E3EBF0-ADFB-431C-8DEE-509C40CD879C}"
EndProject
Project("{FAE04EC0-301F-11D3-BF4B-00C04F79EFBC}") = "Shared", "Shared\Shared.csproj", "{620E3ED6-8C31-4D73-A7DC-896597002131}"
EndProject
Global
	GlobalSection(SolutionConfigurationPlatforms) = preSolution
		Debug|Any CPU = Debug|Any CPU
		Release|Any CPU = Release|Any CPU
	EndGlobalSection
	GlobalSection(ProjectConfigurationPlatforms) = postSolution
		{92A548C4-A01B-437F-A006-639930A11AB7}.Debug|Any CPU.ActiveCfg = Debug|Any CPU
		{92A548C4-A01B-437F-A006-639930A11AB7}.Debug|Any CPU.Build.0 = Debug|Any CPU
		{92A548C4-A01B-437F-A006-639930A11AB7}.Release|Any CPU.ActiveCfg = Release|Any CPU
		{92A548C4-A01B-437F-A006-639930A11AB7}.Release|Any CPU.Build.0 = Release|Any CPU
		{8B97051A-5AB9-4EC3-8FBD-CE48A7B9234E}.Debug|Any CPU.ActiveCfg = Debug|Any CPU
		{8B97051A-5AB9-4EC3-8FBD-CE48A7B9234E}.Debug|Any CPU.Build.0 = Debug|Any CPU
		{8B97051A-5AB9-4EC3-8FBD-CE48A7B9234E}.Release|Any CPU.ActiveCfg = Release|Any CPU
		{8B97051A-5AB9-4EC3-8FBD-CE48A7B9234E}.Release|Any CPU.Build.0 = Release|Any CPU
		{290E4035-7F36-4E64-8E04-AA2CB99931F4}.Debug|Any CPU.ActiveCfg = Debug|Any CPU
		{290E4035-7F36-4E64-8E04-AA2CB99931F4}.Debug|Any CPU.Build.0 = Debug|Any CPU
		{290E4035-7F36-4E64-8E04-AA2CB99931F4}.Release|Any CPU.ActiveCfg = Release|Any CPU
		{290E4035-7F36-4E64-8E04-AA2CB99931F4}.Release|Any CPU.Build.0 = Release|Any CPU
		{22E3EBF0-ADFB-431C-8DEE-509C40CD879C}.Debug|Any CPU.ActiveCfg = Debug|Any CPU
		{22E3EBF0-ADFB-431C-8DEE-509C40CD879C}.Debug|Any CPU.Build.0 = Debug|Any CPU
		{22E3EBF0-ADFB-431C-8DEE-509C40CD879C}.Release|Any CPU.ActiveCfg = Release|Any CPU
		{22E3EBF0-ADFB-431C-8DEE-509C40CD879C}.Release|Any CPU.Build.0 = Release|Any CPU
		{620E3ED6-8C31-4D73-A7DC-896597002131}.Debug|Any CPU.ActiveCfg = Debug|Any CPU
		{620E3ED6-8C31-4D73-A7DC-896597002131}.Debug|Any CPU.Build.0 = Debug|Any CPU
		{620E3ED6-8C31-4D73-A7DC-896597002131}.Release|Any CPU.ActiveCfg = Release|Any CPU
		{620E3ED6-8C31-4D73-A7DC-896597002131}.Release|Any CPU.Build.0 = Release|Any CPU
	EndGlobalSection
	GlobalSection(SolutionProperties) = preSolution
		HideSolutionNode = FALSE
	EndGlobalSection
	GlobalSection(ExtensibilityGlobals) = postSolution
		SolutionGuid = {7F34FA92-2C77-4482-9BE2-761699A87CD9}
	EndGlobalSection
EndGlobal
